
Microsoft Visual Studio Solution File, Format Version 12.00
# Visual Studio Version 17
VisualStudioVersion = 17.6.33829.357
MinimumVisualStudioVersion = 10.0.40219.1
Project("{8BC9CEB8-8B4A-11D0-8D11-00A0C91BC942}") = "Spectrogram", "Spectrogram\Spectrogram.vcxproj", "{533DA538-DB43-4CC4-9B8E-856D3FC166A5}"
EndProject
Global
	GlobalSection(SolutionConfigurationPlatforms) = preSolution
		Debug|x64 = Debug|x64
		Debug|x86 = Debug|x86
		Release|x64 = Release|x64
		Release|x86 = Release|x86
	EndGlobalSection
	GlobalSection(ProjectConfigurationPlatforms) = postSolution
		{533DA538-DB43-4CC4-9B8E-856D3FC166A5}.Debug|x64.ActiveCfg = Debug|x64
		{533DA538-DB43-4CC4-9B8E-856D3FC166A5}.Debug|x64.Build.0 = Debug|x64
		{533DA538-DB43-4CC4-9B8E-856D3FC166A5}.Debug|x86.ActiveCfg = Debug|Win32
		{533DA538-DB43-4CC4-9B8E-856D3FC166A5}.Debug|x86.Build.0 = Debug|Win32
		{533DA538-DB43-4CC4-9B8E-856D3FC166A5}.Release|x64.ActiveCfg = Release|x64
		{533DA538-DB43-4CC4-9B8E-856D3FC166A5}.Release|x64.Build.0 = Release|x64
		{533DA538-DB43-4CC4-9B8E-856D3FC166A5}.Release|x86.ActiveCfg = Release|Win32
		{533DA538-DB43-4CC4-9B8E-856D3FC166A5}.Release|x86.Build.0 = Release|Win32
	EndGlobalSection
	GlobalSection(SolutionProperties) = preSolution
		HideSolutionNode = FALSE
	EndGlobalSection
	GlobalSection(ExtensibilityGlobals) = postSolution
		SolutionGuid = {5BC884EF-3711-41D4-9678-30B00BDB8DE2}
	EndGlobalSection
EndGlobal
